
Microsoft Visual Studio Solution File, Format Version 12.00
# Visual Studio Version 16
VisualStudioVersion = 16.0.29613.14
MinimumVisualStudioVersion = 10.0.40219.1
Project("{FAE04EC0-301F-11D3-BF4B-00C04F79EFBC}") = "Soccer.Common", "Soccer.Common\Soccer.Common.csproj", "{C8DCD17B-33CA-426B-BDB2-55B4CEE87045}"
EndProject
Project("{FAE04EC0-301F-11D3-BF4B-00C04F79EFBC}") = "Soccer.Web", "Soccer.Web\Soccer.Web.csproj", "{3891A81B-ACF9-48FA-A93A-749CB28EE019}"
EndProject
Project("{FAE04EC0-301F-11D3-BF4B-00C04F79EFBC}") = "Soccer.Prism", "Soccer.Prism\Soccer.Prism\Soccer.Prism.csproj", "{A5E86ACD-149D-40A4-85B8-253D8F77E67E}"
EndProject
Project("{FAE04EC0-301F-11D3-BF4B-00C04F79EFBC}") = "Soccer.Prism.Android", "Soccer.Prism\Soccer.Prism.Android\Soccer.Prism.Android.csproj", "{2E2973BC-7197-4662-949B-DA84BE961BED}"
EndProject
Project("{FAE04EC0-301F-11D3-BF4B-00C04F79EFBC}") = "Soccer.Prism.iOS", "Soccer.Prism\Soccer.Prism.iOS\Soccer.Prism.iOS.csproj", "{F42626CE-CA0E-4FEB-93F9-4FBB7273DA0D}"
EndProject
Project("{FAE04EC0-301F-11D3-BF4B-00C04F79EFBC}") = "Soccer.Cross.Android", "Soccer.Cross.Android\Soccer.Cross.Android.csproj", "{12EC3EE3-C24D-459D-B1ED-8314BB30ABBB}"
EndProject
Project("{FAE04EC0-301F-11D3-BF4B-00C04F79EFBC}") = "Soccer.Cross.iOS", "Soccer.Cross.iOS\Soccer.Cross.iOS.csproj", "{0C502B58-C136-4430-AE0A-CF483E384E4B}"
EndProject
Global
	GlobalSection(SolutionConfigurationPlatforms) = preSolution
		Ad-Hoc|Any CPU = Ad-Hoc|Any CPU
		Ad-Hoc|iPhone = Ad-Hoc|iPhone
		Ad-Hoc|iPhoneSimulator = Ad-Hoc|iPhoneSimulator
		AppStore|Any CPU = AppStore|Any CPU
		AppStore|iPhone = AppStore|iPhone
		AppStore|iPhoneSimulator = AppStore|iPhoneSimulator
		Debug|Any CPU = Debug|Any CPU
		Debug|iPhone = Debug|iPhone
		Debug|iPhoneSimulator = Debug|iPhoneSimulator
		Release|Any CPU = Release|Any CPU
		Release|iPhone = Release|iPhone
		Release|iPhoneSimulator = Release|iPhoneSimulator
	EndGlobalSection
	GlobalSection(ProjectConfigurationPlatforms) = postSolution
		{C8DCD17B-33CA-426B-BDB2-55B4CEE87045}.Ad-Hoc|Any CPU.ActiveCfg = Debug|Any CPU
		{C8DCD17B-33CA-426B-BDB2-55B4CEE87045}.Ad-Hoc|Any CPU.Build.0 = Debug|Any CPU
		{C8DCD17B-33CA-426B-BDB2-55B4CEE87045}.Ad-Hoc|iPhone.ActiveCfg = Debug|Any CPU
		{C8DCD17B-33CA-426B-BDB2-55B4CEE87045}.Ad-Hoc|iPhone.Build.0 = Debug|Any CPU
		{C8DCD17B-33CA-426B-BDB2-55B4CEE87045}.Ad-Hoc|iPhoneSimulator.ActiveCfg = Debug|Any CPU
		{C8DCD17B-33CA-426B-BDB2-55B4CEE87045}.Ad-Hoc|iPhoneSimulator.Build.0 = Debug|Any CPU
		{C8DCD17B-33CA-426B-BDB2-55B4CEE87045}.AppStore|Any CPU.ActiveCfg = Debug|Any CPU
		{C8DCD17B-33CA-426B-BDB2-55B4CEE87045}.AppStore|Any CPU.Build.0 = Debug|Any CPU
		{C8DCD17B-33CA-426B-BDB2-55B4CEE87045}.AppStore|iPhone.ActiveCfg = Debug|Any CPU
		{C8DCD17B-33CA-426B-BDB2-55B4CEE87045}.AppStore|iPhone.Build.0 = Debug|Any CPU
		{C8DCD17B-33CA-426B-BDB2-55B4CEE87045}.AppStore|iPhoneSimulator.ActiveCfg = Debug|Any CPU
		{C8DCD17B-33CA-426B-BDB2-55B4CEE87045}.AppStore|iPhoneSimulator.Build.0 = Debug|Any CPU
		{C8DCD17B-33CA-426B-BDB2-55B4CEE87045}.Debug|Any CPU.ActiveCfg = Debug|Any CPU
		{C8DCD17B-33CA-426B-BDB2-55B4CEE87045}.Debug|Any CPU.Build.0 = Debug|Any CPU
		{C8DCD17B-33CA-426B-BDB2-55B4CEE87045}.Debug|iPhone.ActiveCfg = Debug|Any CPU
		{C8DCD17B-33CA-426B-BDB2-55B4CEE87045}.Debug|iPhone.Build.0 = Debug|Any CPU
		{C8DCD17B-33CA-426B-BDB2-55B4CEE87045}.Debug|iPhoneSimulator.ActiveCfg = Debug|Any CPU
		{C8DCD17B-33CA-426B-BDB2-55B4CEE87045}.Debug|iPhoneSimulator.Build.0 = Debug|Any CPU
		{C8DCD17B-33CA-426B-BDB2-55B4CEE87045}.Release|Any CPU.ActiveCfg = Release|Any CPU
		{C8DCD17B-33CA-426B-BDB2-55B4CEE87045}.Release|Any CPU.Build.0 = Release|Any CPU
		{C8DCD17B-33CA-426B-BDB2-55B4CEE87045}.Release|iPhone.ActiveCfg = Release|Any CPU
		{C8DCD17B-33CA-426B-BDB2-55B4CEE87045}.Release|iPhone.Build.0 = Release|Any CPU
		{C8DCD17B-33CA-426B-BDB2-55B4CEE87045}.Release|iPhoneSimulator.ActiveCfg = Release|Any CPU
		{C8DCD17B-33CA-426B-BDB2-55B4CEE87045}.Release|iPhoneSimulator.Build.0 = Release|Any CPU
		{3891A81B-ACF9-48FA-A93A-749CB28EE019}.Ad-Hoc|Any CPU.ActiveCfg = Debug|Any CPU
		{3891A81B-ACF9-48FA-A93A-749CB28EE019}.Ad-Hoc|Any CPU.Build.0 = Debug|Any CPU
		{3891A81B-ACF9-48FA-A93A-749CB28EE019}.Ad-Hoc|iPhone.ActiveCfg = Debug|Any CPU
		{3891A81B-ACF9-48FA-A93A-749CB28EE019}.Ad-Hoc|iPhone.Build.0 = Debug|Any CPU
		{3891A81B-ACF9-48FA-A93A-749CB28EE019}.Ad-Hoc|iPhoneSimulator.ActiveCfg = Debug|Any CPU
		{3891A81B-ACF9-48FA-A93A-749CB28EE019}.Ad-Hoc|iPhoneSimulator.Build.0 = Debug|Any CPU
		{3891A81B-ACF9-48FA-A93A-749CB28EE019}.AppStore|Any CPU.ActiveCfg = Debug|Any CPU
		{3891A81B-ACF9-48FA-A93A-749CB28EE019}.AppStore|Any CPU.Build.0 = Debug|Any CPU
		{3891A81B-ACF9-48FA-A93A-749CB28EE019}.AppStore|iPhone.ActiveCfg = Debug|Any CPU
		{3891A81B-ACF9-48FA-A93A-749CB28EE019}.AppStore|iPhone.Build.0 = Debug|Any CPU
		{3891A81B-ACF9-48FA-A93A-749CB28EE019}.AppStore|iPhoneSimulator.ActiveCfg = Debug|Any CPU
		{3891A81B-ACF9-48FA-A93A-749CB28EE019}.AppStore|iPhoneSimulator.Build.0 = Debug|Any CPU
		{3891A81B-ACF9-48FA-A93A-749CB28EE019}.Debug|Any CPU.ActiveCfg = Debug|Any CPU
		{3891A81B-ACF9-48FA-A93A-749CB28EE019}.Debug|Any CPU.Build.0 = Debug|Any CPU
		{3891A81B-ACF9-48FA-A93A-749CB28EE019}.Debug|iPhone.ActiveCfg = Debug|Any CPU
		{3891A81B-ACF9-48FA-A93A-749CB28EE019}.Debug|iPhone.Build.0 = Debug|Any CPU
		{3891A81B-ACF9-48FA-A93A-749CB28EE019}.Debug|iPhoneSimulator.ActiveCfg = Debug|Any CPU
		{3891A81B-ACF9-48FA-A93A-749CB28EE019}.Debug|iPhoneSimulator.Build.0 = Debug|Any CPU
		{3891A81B-ACF9-48FA-A93A-749CB28EE019}.Release|Any CPU.ActiveCfg = Release|Any CPU
		{3891A81B-ACF9-48FA-A93A-749CB28EE019}.Release|Any CPU.Build.0 = Release|Any CPU
		{3891A81B-ACF9-48FA-A93A-749CB28EE019}.Release|iPhone.ActiveCfg = Release|Any CPU
		{3891A81B-ACF9-48FA-A93A-749CB28EE019}.Release|iPhone.Build.0 = Release|Any CPU
		{3891A81B-ACF9-48FA-A93A-749CB28EE019}.Release|iPhoneSimulator.ActiveCfg = Release|Any CPU
		{3891A81B-ACF9-48FA-A93A-749CB28EE019}.Release|iPhoneSimulator.Build.0 = Release|Any CPU
		{A5E86ACD-149D-40A4-85B8-253D8F77E67E}.Ad-Hoc|Any CPU.ActiveCfg = Debug|Any CPU
		{A5E86ACD-149D-40A4-85B8-253D8F77E67E}.Ad-Hoc|Any CPU.Build.0 = Debug|Any CPU
		{A5E86ACD-149D-40A4-85B8-253D8F77E67E}.Ad-Hoc|iPhone.ActiveCfg = Debug|Any CPU
		{A5E86ACD-149D-40A4-85B8-253D8F77E67E}.Ad-Hoc|iPhone.Build.0 = Debug|Any CPU
		{A5E86ACD-149D-40A4-85B8-253D8F77E67E}.Ad-Hoc|iPhoneSimulator.ActiveCfg = Debug|Any CPU
		{A5E86ACD-149D-40A4-85B8-253D8F77E67E}.Ad-Hoc|iPhoneSimulator.Build.0 = Debug|Any CPU
		{A5E86ACD-149D-40A4-85B8-253D8F77E67E}.AppStore|Any CPU.ActiveCfg = Debug|Any CPU
		{A5E86ACD-149D-40A4-85B8-253D8F77E67E}.AppStore|Any CPU.Build.0 = Debug|Any CPU
		{A5E86ACD-149D-40A4-85B8-253D8F77E67E}.AppStore|iPhone.ActiveCfg = Debug|Any CPU
		{A5E86ACD-149D-40A4-85B8-253D8F77E67E}.AppStore|iPhone.Build.0 = Debug|Any CPU
		{A5E86ACD-149D-40A4-85B8-253D8F77E67E}.AppStore|iPhoneSimulator.ActiveCfg = Debug|Any CPU
		{A5E86ACD-149D-40A4-85B8-253D8F77E67E}.AppStore|iPhoneSimulator.Build.0 = Debug|Any CPU
		{A5E86ACD-149D-40A4-85B8-253D8F77E67E}.Debug|Any CPU.ActiveCfg = Debug|Any CPU
		{A5E86ACD-149D-40A4-85B8-253D8F77E67E}.Debug|Any CPU.Build.0 = Debug|Any CPU
		{A5E86ACD-149D-40A4-85B8-253D8F77E67E}.Debug|iPhone.ActiveCfg = Debug|Any CPU
		{A5E86ACD-149D-40A4-85B8-253D8F77E67E}.Debug|iPhone.Build.0 = Debug|Any CPU
		{A5E86ACD-149D-40A4-85B8-253D8F77E67E}.Debug|iPhoneSimulator.ActiveCfg = Debug|Any CPU
		{A5E86ACD-149D-40A4-85B8-253D8F77E67E}.Debug|iPhoneSimulator.Build.0 = Debug|Any CPU
		{A5E86ACD-149D-40A4-85B8-253D8F77E67E}.Release|Any CPU.ActiveCfg = Release|Any CPU
		{A5E86ACD-149D-40A4-85B8-253D8F77E67E}.Release|Any CPU.Build.0 = Release|Any CPU
		{A5E86ACD-149D-40A4-85B8-253D8F77E67E}.Release|iPhone.ActiveCfg = Release|Any CPU
		{A5E86ACD-149D-40A4-85B8-253D8F77E67E}.Release|iPhone.Build.0 = Release|Any CPU
		{A5E86ACD-149D-40A4-85B8-253D8F77E67E}.Release|iPhoneSimulator.ActiveCfg = Release|Any CPU
		{A5E86ACD-149D-40A4-85B8-253D8F77E67E}.Release|iPhoneSimulator.Build.0 = Release|Any CPU
		{2E2973BC-7197-4662-949B-DA84BE961BED}.Ad-Hoc|Any CPU.ActiveCfg = Release|Any CPU
		{2E2973BC-7197-4662-949B-DA84BE961BED}.Ad-Hoc|Any CPU.Build.0 = Release|Any CPU
		{2E2973BC-7197-4662-949B-DA84BE961BED}.Ad-Hoc|Any CPU.Deploy.0 = Release|Any CPU
		{2E2973BC-7197-4662-949B-DA84BE961BED}.Ad-Hoc|iPhone.ActiveCfg = Release|Any CPU
		{2E2973BC-7197-4662-949B-DA84BE961BED}.Ad-Hoc|iPhone.Build.0 = Release|Any CPU
		{2E2973BC-7197-4662-949B-DA84BE961BED}.Ad-Hoc|iPhone.Deploy.0 = Release|Any CPU
		{2E2973BC-7197-4662-949B-DA84BE961BED}.Ad-Hoc|iPhoneSimulator.ActiveCfg = Release|Any CPU
		{2E2973BC-7197-4662-949B-DA84BE961BED}.Ad-Hoc|iPhoneSimulator.Build.0 = Release|Any CPU
		{2E2973BC-7197-4662-949B-DA84BE961BED}.Ad-Hoc|iPhoneSimulator.Deploy.0 = Release|Any CPU
		{2E2973BC-7197-4662-949B-DA84BE961BED}.AppStore|Any CPU.ActiveCfg = Release|Any CPU
		{2E2973BC-7197-4662-949B-DA84BE961BED}.AppStore|Any CPU.Build.0 = Release|Any CPU
		{2E2973BC-7197-4662-949B-DA84BE961BED}.AppStore|Any CPU.Deploy.0 = Release|Any CPU
		{2E2973BC-7197-4662-949B-DA84BE961BED}.AppStore|iPhone.ActiveCfg = Release|Any CPU
		{2E2973BC-7197-4662-949B-DA84BE961BED}.AppStore|iPhone.Build.0 = Release|Any CPU
		{2E2973BC-7197-4662-949B-DA84BE961BED}.AppStore|iPhone.Deploy.0 = Release|Any CPU
		{2E2973BC-7197-4662-949B-DA84BE961BED}.AppStore|iPhoneSimulator.ActiveCfg = Release|Any CPU
		{2E2973BC-7197-4662-949B-DA84BE961BED}.AppStore|iPhoneSimulator.Build.0 = Release|Any CPU
		{2E2973BC-7197-4662-949B-DA84BE961BED}.AppStore|iPhoneSimulator.Deploy.0 = Release|Any CPU
		{2E2973BC-7197-4662-949B-DA84BE961BED}.Debug|Any CPU.ActiveCfg = Debug|Any CPU
		{2E2973BC-7197-4662-949B-DA84BE961BED}.Debug|Any CPU.Build.0 = Debug|Any CPU
		{2E2973BC-7197-4662-949B-DA84BE961BED}.Debug|Any CPU.Deploy.0 = Debug|Any CPU
		{2E2973BC-7197-4662-949B-DA84BE961BED}.Debug|iPhone.ActiveCfg = Debug|Any CPU
		{2E2973BC-7197-4662-949B-DA84BE961BED}.Debug|iPhone.Build.0 = Debug|Any CPU
		{2E2973BC-7197-4662-949B-DA84BE961BED}.Debug|iPhone.Deploy.0 = Debug|Any CPU
		{2E2973BC-7197-4662-949B-DA84BE961BED}.Debug|iPhoneSimulator.ActiveCfg = Debug|Any CPU
		{2E2973BC-7197-4662-949B-DA84BE961BED}.Debug|iPhoneSimulator.Build.0 = Debug|Any CPU
		{2E2973BC-7197-4662-949B-DA84BE961BED}.Debug|iPhoneSimulator.Deploy.0 = Debug|Any CPU
		{2E2973BC-7197-4662-949B-DA84BE961BED}.Release|Any CPU.ActiveCfg = Release|Any CPU
		{2E2973BC-7197-4662-949B-DA84BE961BED}.Release|Any CPU.Build.0 = Release|Any CPU
		{2E2973BC-7197-4662-949B-DA84BE961BED}.Release|Any CPU.Deploy.0 = Release|Any CPU
		{2E2973BC-7197-4662-949B-DA84BE961BED}.Release|iPhone.ActiveCfg = Release|Any CPU
		{2E2973BC-7197-4662-949B-DA84BE961BED}.Release|iPhone.Build.0 = Release|Any CPU
		{2E2973BC-7197-4662-949B-DA84BE961BED}.Release|iPhone.Deploy.0 = Release|Any CPU
		{2E2973BC-7197-4662-949B-DA84BE961BED}.Release|iPhoneSimulator.ActiveCfg = Release|Any CPU
		{2E2973BC-7197-4662-949B-DA84BE961BED}.Release|iPhoneSimulator.Build.0 = Release|Any CPU
		{2E2973BC-7197-4662-949B-DA84BE961BED}.Release|iPhoneSimulator.Deploy.0 = Release|Any CPU
		{F42626CE-CA0E-4FEB-93F9-4FBB7273DA0D}.Ad-Hoc|Any CPU.ActiveCfg = Ad-Hoc|iPhone
		{F42626CE-CA0E-4FEB-93F9-4FBB7273DA0D}.Ad-Hoc|iPhone.ActiveCfg = Ad-Hoc|iPhone
		{F42626CE-CA0E-4FEB-93F9-4FBB7273DA0D}.Ad-Hoc|iPhone.Build.0 = Ad-Hoc|iPhone
		{F42626CE-CA0E-4FEB-93F9-4FBB7273DA0D}.Ad-Hoc|iPhoneSimulator.ActiveCfg = Ad-Hoc|iPhoneSimulator
		{F42626CE-CA0E-4FEB-93F9-4FBB7273DA0D}.Ad-Hoc|iPhoneSimulator.Build.0 = Ad-Hoc|iPhoneSimulator
		{F42626CE-CA0E-4FEB-93F9-4FBB7273DA0D}.AppStore|Any CPU.ActiveCfg = AppStore|iPhone
		{F42626CE-CA0E-4FEB-93F9-4FBB7273DA0D}.AppStore|iPhone.ActiveCfg = AppStore|iPhone
		{F42626CE-CA0E-4FEB-93F9-4FBB7273DA0D}.AppStore|iPhone.Build.0 = AppStore|iPhone
		{F42626CE-CA0E-4FEB-93F9-4FBB7273DA0D}.AppStore|iPhoneSimulator.ActiveCfg = AppStore|iPhoneSimulator
		{F42626CE-CA0E-4FEB-93F9-4FBB7273DA0D}.AppStore|iPhoneSimulator.Build.0 = AppStore|iPhoneSimulator
		{F42626CE-CA0E-4FEB-93F9-4FBB7273DA0D}.Debug|Any CPU.ActiveCfg = Debug|iPhone
		{F42626CE-CA0E-4FEB-93F9-4FBB7273DA0D}.Debug|iPhone.ActiveCfg = Debug|iPhone
		{F42626CE-CA0E-4FEB-93F9-4FBB7273DA0D}.Debug|iPhone.Build.0 = Debug|iPhone
		{F42626CE-CA0E-4FEB-93F9-4FBB7273DA0D}.Debug|iPhoneSimulator.ActiveCfg = Debug|iPhoneSimulator
		{F42626CE-CA0E-4FEB-93F9-4FBB7273DA0D}.Debug|iPhoneSimulator.Build.0 = Debug|iPhoneSimulator
		{F42626CE-CA0E-4FEB-93F9-4FBB7273DA0D}.Release|Any CPU.ActiveCfg = Release|iPhone
		{F42626CE-CA0E-4FEB-93F9-4FBB7273DA0D}.Release|iPhone.ActiveCfg = Release|iPhone
		{F42626CE-CA0E-4FEB-93F9-4FBB7273DA0D}.Release|iPhone.Build.0 = Release|iPhone
		{F42626CE-CA0E-4FEB-93F9-4FBB7273DA0D}.Release|iPhoneSimulator.ActiveCfg = Release|iPhoneSimulator
		{F42626CE-CA0E-4FEB-93F9-4FBB7273DA0D}.Release|iPhoneSimulator.Build.0 = Release|iPhoneSimulator
		{12EC3EE3-C24D-459D-B1ED-8314BB30ABBB}.Ad-Hoc|Any CPU.ActiveCfg = Release|Any CPU
		{12EC3EE3-C24D-459D-B1ED-8314BB30ABBB}.Ad-Hoc|Any CPU.Build.0 = Release|Any CPU
		{12EC3EE3-C24D-459D-B1ED-8314BB30ABBB}.Ad-Hoc|Any CPU.Deploy.0 = Release|Any CPU
		{12EC3EE3-C24D-459D-B1ED-8314BB30ABBB}.Ad-Hoc|iPhone.ActiveCfg = Release|Any CPU
		{12EC3EE3-C24D-459D-B1ED-8314BB30ABBB}.Ad-Hoc|iPhone.Build.0 = Release|Any CPU
		{12EC3EE3-C24D-459D-B1ED-8314BB30ABBB}.Ad-Hoc|iPhone.Deploy.0 = Release|Any CPU
		{12EC3EE3-C24D-459D-B1ED-8314BB30ABBB}.Ad-Hoc|iPhoneSimulator.ActiveCfg = Release|Any CPU
		{12EC3EE3-C24D-459D-B1ED-8314BB30ABBB}.Ad-Hoc|iPhoneSimulator.Build.0 = Release|Any CPU
		{12EC3EE3-C24D-459D-B1ED-8314BB30ABBB}.Ad-Hoc|iPhoneSimulator.Deploy.0 = Release|Any CPU
		{12EC3EE3-C24D-459D-B1ED-8314BB30ABBB}.AppStore|Any CPU.ActiveCfg = Release|Any CPU
		{12EC3EE3-C24D-459D-B1ED-8314BB30ABBB}.AppStore|Any CPU.Build.0 = Release|Any CPU
		{12EC3EE3-C24D-459D-B1ED-8314BB30ABBB}.AppStore|Any CPU.Deploy.0 = Release|Any CPU
		{12EC3EE3-C24D-459D-B1ED-8314BB30ABBB}.AppStore|iPhone.ActiveCfg = Release|Any CPU
		{12EC3EE3-C24D-459D-B1ED-8314BB30ABBB}.AppStore|iPhone.Build.0 = Release|Any CPU
		{12EC3EE3-C24D-459D-B1ED-8314BB30ABBB}.AppStore|iPhone.Deploy.0 = Release|Any CPU
		{12EC3EE3-C24D-459D-B1ED-8314BB30ABBB}.AppStore|iPhoneSimulator.ActiveCfg = Release|Any CPU
		{12EC3EE3-C24D-459D-B1ED-8314BB30ABBB}.AppStore|iPhoneSimulator.Build.0 = Release|Any CPU
		{12EC3EE3-C24D-459D-B1ED-8314BB30ABBB}.AppStore|iPhoneSimulator.Deploy.0 = Release|Any CPU
		{12EC3EE3-C24D-459D-B1ED-8314BB30ABBB}.Debug|Any CPU.ActiveCfg = Debug|Any CPU
		{12EC3EE3-C24D-459D-B1ED-8314BB30ABBB}.Debug|Any CPU.Build.0 = Debug|Any CPU
		{12EC3EE3-C24D-459D-B1ED-8314BB30ABBB}.Debug|Any CPU.Deploy.0 = Debug|Any CPU
		{12EC3EE3-C24D-459D-B1ED-8314BB30ABBB}.Debug|iPhone.ActiveCfg = Debug|Any CPU
		{12EC3EE3-C24D-459D-B1ED-8314BB30ABBB}.Debug|iPhone.Build.0 = Debug|Any CPU
		{12EC3EE3-C24D-459D-B1ED-8314BB30ABBB}.Debug|iPhone.Deploy.0 = Debug|Any CPU
		{12EC3EE3-C24D-459D-B1ED-8314BB30ABBB}.Debug|iPhoneSimulator.ActiveCfg = Debug|Any CPU
		{12EC3EE3-C24D-459D-B1ED-8314BB30ABBB}.Debug|iPhoneSimulator.Build.0 = Debug|Any CPU
		{12EC3EE3-C24D-459D-B1ED-8314BB30ABBB}.Debug|iPhoneSimulator.Deploy.0 = Debug|Any CPU
		{12EC3EE3-C24D-459D-B1ED-8314BB30ABBB}.Release|Any CPU.ActiveCfg = Release|Any CPU
		{12EC3EE3-C24D-459D-B1ED-8314BB30ABBB}.Release|Any CPU.Build.0 = Release|Any CPU
		{12EC3EE3-C24D-459D-B1ED-8314BB30ABBB}.Release|Any CPU.Deploy.0 = Release|Any CPU
		{12EC3EE3-C24D-459D-B1ED-8314BB30ABBB}.Release|iPhone.ActiveCfg = Release|Any CPU
		{12EC3EE3-C24D-459D-B1ED-8314BB30ABBB}.Release|iPhone.Build.0 = Release|Any CPU
		{12EC3EE3-C24D-459D-B1ED-8314BB30ABBB}.Release|iPhone.Deploy.0 = Release|Any CPU
		{12EC3EE3-C24D-459D-B1ED-8314BB30ABBB}.Release|iPhoneSimulator.ActiveCfg = Release|Any CPU
		{12EC3EE3-C24D-459D-B1ED-8314BB30ABBB}.Release|iPhoneSimulator.Build.0 = Release|Any CPU
		{12EC3EE3-C24D-459D-B1ED-8314BB30ABBB}.Release|iPhoneSimulator.Deploy.0 = Release|Any CPU
		{0C502B58-C136-4430-AE0A-CF483E384E4B}.Ad-Hoc|Any CPU.ActiveCfg = Release|iPhone
		{0C502B58-C136-4430-AE0A-CF483E384E4B}.Ad-Hoc|Any CPU.Build.0 = Release|iPhone
		{0C502B58-C136-4430-AE0A-CF483E384E4B}.Ad-Hoc|iPhone.ActiveCfg = Release|iPhone
		{0C502B58-C136-4430-AE0A-CF483E384E4B}.Ad-Hoc|iPhone.Build.0 = Release|iPhone
		{0C502B58-C136-4430-AE0A-CF483E384E4B}.Ad-Hoc|iPhoneSimulator.ActiveCfg = Release|iPhoneSimulator
		{0C502B58-C136-4430-AE0A-CF483E384E4B}.Ad-Hoc|iPhoneSimulator.Build.0 = Release|iPhoneSimulator
		{0C502B58-C136-4430-AE0A-CF483E384E4B}.AppStore|Any CPU.ActiveCfg = Release|iPhone
		{0C502B58-C136-4430-AE0A-CF483E384E4B}.AppStore|Any CPU.Build.0 = Release|iPhone
		{0C502B58-C136-4430-AE0A-CF483E384E4B}.AppStore|iPhone.ActiveCfg = Release|iPhone
		{0C502B58-C136-4430-AE0A-CF483E384E4B}.AppStore|iPhone.Build.0 = Release|iPhone
		{0C502B58-C136-4430-AE0A-CF483E384E4B}.AppStore|iPhoneSimulator.ActiveCfg = Release|iPhoneSimulator
		{0C502B58-C136-4430-AE0A-CF483E384E4B}.AppStore|iPhoneSimulator.Build.0 = Release|iPhoneSimulator
		{0C502B58-C136-4430-AE0A-CF483E384E4B}.Debug|Any CPU.ActiveCfg = Debug|iPhone
		{0C502B58-C136-4430-AE0A-CF483E384E4B}.Debug|iPhone.ActiveCfg = Debug|iPhone
		{0C502B58-C136-4430-AE0A-CF483E384E4B}.Debug|iPhone.Build.0 = Debug|iPhone
		{0C502B58-C136-4430-AE0A-CF483E384E4B}.Debug|iPhoneSimulator.ActiveCfg = Debug|iPhoneSimulator
		{0C502B58-C136-4430-AE0A-CF483E384E4B}.Debug|iPhoneSimulator.Build.0 = Debug|iPhoneSimulator
		{0C502B58-C136-4430-AE0A-CF483E384E4B}.Release|Any CPU.ActiveCfg = Release|iPhone
		{0C502B58-C136-4430-AE0A-CF483E384E4B}.Release|iPhone.ActiveCfg = Release|iPhone
		{0C502B58-C136-4430-AE0A-CF483E384E4B}.Release|iPhone.Build.0 = Release|iPhone
		{0C502B58-C136-4430-AE0A-CF483E384E4B}.Release|iPhoneSimulator.ActiveCfg = Release|iPhoneSimulator
		{0C502B58-C136-4430-AE0A-CF483E384E4B}.Release|iPhoneSimulator.Build.0 = Release|iPhoneSimulator
	EndGlobalSection
	GlobalSection(SolutionProperties) = preSolution
		HideSolutionNode = FALSE
	EndGlobalSection
	GlobalSection(ExtensibilityGlobals) = postSolution
		SolutionGuid = {FB52E2A4-7E5D-4BFE-B148-B69F8FB748FB}
	EndGlobalSection
EndGlobal
